// !$*UTF8*$!
{
	archiveVersion = 1;
	classes = {
	};
	objectVersion = 56;
	objects = {

/* Begin PBXBuildFile section */
		EDC2CB5F29E6254000A2392C /* MovieDBSwiftUIApp.swift in Sources */ = {isa = PBXBuildFile; fileRef = EDC2CB5E29E6254000A2392C /* MovieDBSwiftUIApp.swift */; };
		EDC2CB6129E6254000A2392C /* ContentView.swift in Sources */ = {isa = PBXBuildFile; fileRef = EDC2CB6029E6254000A2392C /* ContentView.swift */; };
		EDC2CB6329E6254100A2392C /* Assets.xcassets in Resources */ = {isa = PBXBuildFile; fileRef = EDC2CB6229E6254100A2392C /* Assets.xcassets */; };
		EDC2CB6629E6254100A2392C /* Preview Assets.xcassets in Resources */ = {isa = PBXBuildFile; fileRef = EDC2CB6529E6254100A2392C /* Preview Assets.xcassets */; };
		EDC2CB7029E6254200A2392C /* MovieDBSwiftUITests.swift in Sources */ = {isa = PBXBuildFile; fileRef = EDC2CB6F29E6254200A2392C /* MovieDBSwiftUITests.swift */; };
		EDC2CB7A29E6254200A2392C /* MovieDBSwiftUIUITests.swift in Sources */ = {isa = PBXBuildFile; fileRef = EDC2CB7929E6254200A2392C /* MovieDBSwiftUIUITests.swift */; };
		EDC2CB7C29E6254200A2392C /* MovieDBSwiftUIUITestsLaunchTests.swift in Sources */ = {isa = PBXBuildFile; fileRef = EDC2CB7B29E6254200A2392C /* MovieDBSwiftUIUITestsLaunchTests.swift */; };
		EDC2CB8A29E6256900A2392C /* Movie.swift in Sources */ = {isa = PBXBuildFile; fileRef = EDC2CB8929E6256900A2392C /* Movie.swift */; };
		EDC2CB8D29E641A500A2392C /* MovieService.swift in Sources */ = {isa = PBXBuildFile; fileRef = EDC2CB8C29E641A500A2392C /* MovieService.swift */; };
		EDC2CB8F29E6436300A2392C /* MovieStore.swift in Sources */ = {isa = PBXBuildFile; fileRef = EDC2CB8E29E6436300A2392C /* MovieStore.swift */; };
		EDC2CB9329E643D600A2392C /* Constants.swift in Sources */ = {isa = PBXBuildFile; fileRef = EDC2CB9229E643D600A2392C /* Constants.swift */; };
		EDC2CB9529E6447A00A2392C /* Utilities.swift in Sources */ = {isa = PBXBuildFile; fileRef = EDC2CB9429E6447A00A2392C /* Utilities.swift */; };
		EDC2CB9A29E66AFE00A2392C /* Data+Extensions.swift in Sources */ = {isa = PBXBuildFile; fileRef = EDC2CB9929E66AFE00A2392C /* Data+Extensions.swift */; };
		EDC2CB9D29E7A30600A2392C /* RequestProtocol.swift in Sources */ = {isa = PBXBuildFile; fileRef = EDC2CB9C29E7A30600A2392C /* RequestProtocol.swift */; };
		EDC2CBA029E7A3A300A2392C /* RequestType.swift in Sources */ = {isa = PBXBuildFile; fileRef = EDC2CB9F29E7A3A300A2392C /* RequestType.swift */; };
		EDC2CBA229E7AAE000A2392C /* APIManagerService.swift in Sources */ = {isa = PBXBuildFile; fileRef = EDC2CBA129E7AAE000A2392C /* APIManagerService.swift */; };
		EDC2CBA529E7AD8100A2392C /* RequestManager.swift in Sources */ = {isa = PBXBuildFile; fileRef = EDC2CBA429E7AD8100A2392C /* RequestManager.swift */; };
		EDC2CBA729E7AF1600A2392C /* DataParserService.swift in Sources */ = {isa = PBXBuildFile; fileRef = EDC2CBA629E7AF1600A2392C /* DataParserService.swift */; };
		EDC2CBA929E7BB3D00A2392C /* MovieRequest.swift in Sources */ = {isa = PBXBuildFile; fileRef = EDC2CBA829E7BB3D00A2392C /* MovieRequest.swift */; };
/* End PBXBuildFile section */

/* Begin PBXContainerItemProxy section */
		EDC2CB6C29E6254200A2392C /* PBXContainerItemProxy */ = {
			isa = PBXContainerItemProxy;
			containerPortal = EDC2CB5329E6254000A2392C /* Project object */;
			proxyType = 1;
			remoteGlobalIDString = EDC2CB5A29E6254000A2392C;
			remoteInfo = MovieDBSwiftUI;
		};
		EDC2CB7629E6254200A2392C /* PBXContainerItemProxy */ = {
			isa = PBXContainerItemProxy;
			containerPortal = EDC2CB5329E6254000A2392C /* Project object */;
			proxyType = 1;
			remoteGlobalIDString = EDC2CB5A29E6254000A2392C;
			remoteInfo = MovieDBSwiftUI;
		};
/* End PBXContainerItemProxy section */

/* Begin PBXFileReference section */
		EDC2CB5B29E6254000A2392C /* MovieDBSwiftUI.app */ = {isa = PBXFileReference; explicitFileType = wrapper.application; includeInIndex = 0; path = MovieDBSwiftUI.app; sourceTree = BUILT_PRODUCTS_DIR; };
		EDC2CB5E29E6254000A2392C /* MovieDBSwiftUIApp.swift */ = {isa = PBXFileReference; lastKnownFileType = sourcecode.swift; path = MovieDBSwiftUIApp.swift; sourceTree = "<group>"; };
		EDC2CB6029E6254000A2392C /* ContentView.swift */ = {isa = PBXFileReference; lastKnownFileType = sourcecode.swift; path = ContentView.swift; sourceTree = "<group>"; };
		EDC2CB6229E6254100A2392C /* Assets.xcassets */ = {isa = PBXFileReference; lastKnownFileType = folder.assetcatalog; path = Assets.xcassets; sourceTree = "<group>"; };
		EDC2CB6529E6254100A2392C /* Preview Assets.xcassets */ = {isa = PBXFileReference; lastKnownFileType = folder.assetcatalog; path = "Preview Assets.xcassets"; sourceTree = "<group>"; };
		EDC2CB6B29E6254200A2392C /* MovieDBSwiftUITests.xctest */ = {isa = PBXFileReference; explicitFileType = wrapper.cfbundle; includeInIndex = 0; path = MovieDBSwiftUITests.xctest; sourceTree = BUILT_PRODUCTS_DIR; };
		EDC2CB6F29E6254200A2392C /* MovieDBSwiftUITests.swift */ = {isa = PBXFileReference; lastKnownFileType = sourcecode.swift; path = MovieDBSwiftUITests.swift; sourceTree = "<group>"; };
		EDC2CB7529E6254200A2392C /* MovieDBSwiftUIUITests.xctest */ = {isa = PBXFileReference; explicitFileType = wrapper.cfbundle; includeInIndex = 0; path = MovieDBSwiftUIUITests.xctest; sourceTree = BUILT_PRODUCTS_DIR; };
		EDC2CB7929E6254200A2392C /* MovieDBSwiftUIUITests.swift */ = {isa = PBXFileReference; lastKnownFileType = sourcecode.swift; path = MovieDBSwiftUIUITests.swift; sourceTree = "<group>"; };
		EDC2CB7B29E6254200A2392C /* MovieDBSwiftUIUITestsLaunchTests.swift */ = {isa = PBXFileReference; lastKnownFileType = sourcecode.swift; path = MovieDBSwiftUIUITestsLaunchTests.swift; sourceTree = "<group>"; };
		EDC2CB8929E6256900A2392C /* Movie.swift */ = {isa = PBXFileReference; lastKnownFileType = sourcecode.swift; path = Movie.swift; sourceTree = "<group>"; };
		EDC2CB8C29E641A500A2392C /* MovieService.swift */ = {isa = PBXFileReference; lastKnownFileType = sourcecode.swift; path = MovieService.swift; sourceTree = "<group>"; };
		EDC2CB8E29E6436300A2392C /* MovieStore.swift */ = {isa = PBXFileReference; lastKnownFileType = sourcecode.swift; path = MovieStore.swift; sourceTree = "<group>"; };
		EDC2CB9229E643D600A2392C /* Constants.swift */ = {isa = PBXFileReference; lastKnownFileType = sourcecode.swift; path = Constants.swift; sourceTree = "<group>"; };
		EDC2CB9429E6447A00A2392C /* Utilities.swift */ = {isa = PBXFileReference; lastKnownFileType = sourcecode.swift; path = Utilities.swift; sourceTree = "<group>"; };
		EDC2CB9929E66AFE00A2392C /* Data+Extensions.swift */ = {isa = PBXFileReference; lastKnownFileType = sourcecode.swift; path = "Data+Extensions.swift"; sourceTree = "<group>"; };
		EDC2CB9C29E7A30600A2392C /* RequestProtocol.swift */ = {isa = PBXFileReference; lastKnownFileType = sourcecode.swift; path = RequestProtocol.swift; sourceTree = "<group>"; };
		EDC2CB9F29E7A3A300A2392C /* RequestType.swift */ = {isa = PBXFileReference; lastKnownFileType = sourcecode.swift; path = RequestType.swift; sourceTree = "<group>"; };
		EDC2CBA129E7AAE000A2392C /* APIManagerService.swift */ = {isa = PBXFileReference; lastKnownFileType = sourcecode.swift; path = APIManagerService.swift; sourceTree = "<group>"; };
		EDC2CBA429E7AD8100A2392C /* RequestManager.swift */ = {isa = PBXFileReference; lastKnownFileType = sourcecode.swift; path = RequestManager.swift; sourceTree = "<group>"; };
		EDC2CBA629E7AF1600A2392C /* DataParserService.swift */ = {isa = PBXFileReference; lastKnownFileType = sourcecode.swift; path = DataParserService.swift; sourceTree = "<group>"; };
		EDC2CBA829E7BB3D00A2392C /* MovieRequest.swift */ = {isa = PBXFileReference; lastKnownFileType = sourcecode.swift; path = MovieRequest.swift; sourceTree = "<group>"; };
/* End PBXFileReference section */

/* Begin PBXFrameworksBuildPhase section */
		EDC2CB5829E6254000A2392C /* Frameworks */ = {
			isa = PBXFrameworksBuildPhase;
			buildActionMask = 2147483647;
			files = (
			);
			runOnlyForDeploymentPostprocessing = 0;
		};
		EDC2CB6829E6254200A2392C /* Frameworks */ = {
			isa = PBXFrameworksBuildPhase;
			buildActionMask = 2147483647;
			files = (
			);
			runOnlyForDeploymentPostprocessing = 0;
		};
		EDC2CB7229E6254200A2392C /* Frameworks */ = {
			isa = PBXFrameworksBuildPhase;
			buildActionMask = 2147483647;
			files = (
			);
			runOnlyForDeploymentPostprocessing = 0;
		};
/* End PBXFrameworksBuildPhase section */

/* Begin PBXGroup section */
		EDC2CB5229E6254000A2392C = {
			isa = PBXGroup;
			children = (
				EDC2CB5D29E6254000A2392C /* MovieDBSwiftUI */,
				EDC2CB6E29E6254200A2392C /* MovieDBSwiftUITests */,
				EDC2CB7829E6254200A2392C /* MovieDBSwiftUIUITests */,
				EDC2CB5C29E6254000A2392C /* Products */,
			);
			sourceTree = "<group>";
		};
		EDC2CB5C29E6254000A2392C /* Products */ = {
			isa = PBXGroup;
			children = (
				EDC2CB5B29E6254000A2392C /* MovieDBSwiftUI.app */,
				EDC2CB6B29E6254200A2392C /* MovieDBSwiftUITests.xctest */,
				EDC2CB7529E6254200A2392C /* MovieDBSwiftUIUITests.xctest */,
			);
			name = Products;
			sourceTree = "<group>";
		};
		EDC2CB5D29E6254000A2392C /* MovieDBSwiftUI */ = {
			isa = PBXGroup;
			children = (
				EDC2CB9029E643BA00A2392C /* Resources */,
				EDC2CB8B29E6419600A2392C /* Services */,
				EDC2CB8829E6255200A2392C /* Model */,
				EDC2CB5E29E6254000A2392C /* MovieDBSwiftUIApp.swift */,
				EDC2CB6029E6254000A2392C /* ContentView.swift */,
				EDC2CB6229E6254100A2392C /* Assets.xcassets */,
				EDC2CB6429E6254100A2392C /* Preview Content */,
			);
			path = MovieDBSwiftUI;
			sourceTree = "<group>";
		};
		EDC2CB6429E6254100A2392C /* Preview Content */ = {
			isa = PBXGroup;
			children = (
				EDC2CB6529E6254100A2392C /* Preview Assets.xcassets */,
			);
			path = "Preview Content";
			sourceTree = "<group>";
		};
		EDC2CB6E29E6254200A2392C /* MovieDBSwiftUITests */ = {
			isa = PBXGroup;
			children = (
				EDC2CB6F29E6254200A2392C /* MovieDBSwiftUITests.swift */,
			);
			path = MovieDBSwiftUITests;
			sourceTree = "<group>";
		};
		EDC2CB7829E6254200A2392C /* MovieDBSwiftUIUITests */ = {
			isa = PBXGroup;
			children = (
				EDC2CB7929E6254200A2392C /* MovieDBSwiftUIUITests.swift */,
				EDC2CB7B29E6254200A2392C /* MovieDBSwiftUIUITestsLaunchTests.swift */,
			);
			path = MovieDBSwiftUIUITests;
			sourceTree = "<group>";
		};
		EDC2CB8829E6255200A2392C /* Model */ = {
			isa = PBXGroup;
			children = (
				EDC2CB8929E6256900A2392C /* Movie.swift */,
			);
			path = Model;
			sourceTree = "<group>";
		};
		EDC2CB8B29E6419600A2392C /* Services */ = {
			isa = PBXGroup;
			children = (
				EDC2CBAB29E7C60500A2392C /* Data */,
				EDC2CBAA29E7C5F400A2392C /* Movies */,
				EDC2CB9B29E7A2F500A2392C /* Networking */,
			);
			path = Services;
			sourceTree = "<group>";
		};
		EDC2CB9029E643BA00A2392C /* Resources */ = {
			isa = PBXGroup;
			children = (
				EDC2CB9829E66AF200A2392C /* Extensions */,
				EDC2CB9129E643C100A2392C /* Constants */,
				EDC2CB9429E6447A00A2392C /* Utilities.swift */,
			);
			path = Resources;
			sourceTree = "<group>";
		};
		EDC2CB9129E643C100A2392C /* Constants */ = {
			isa = PBXGroup;
			children = (
				EDC2CB9229E643D600A2392C /* Constants.swift */,
			);
			path = Constants;
			sourceTree = "<group>";
		};
		EDC2CB9829E66AF200A2392C /* Extensions */ = {
			isa = PBXGroup;
			children = (
				EDC2CB9929E66AFE00A2392C /* Data+Extensions.swift */,
			);
			path = Extensions;
			sourceTree = "<group>";
		};
		EDC2CB9B29E7A2F500A2392C /* Networking */ = {
			isa = PBXGroup;
			children = (
				EDC2CBA329E7AD7400A2392C /* Network */,
				EDC2CB9E29E7A39500A2392C /* Request */,
			);
			path = Networking;
			sourceTree = "<group>";
		};
		EDC2CB9E29E7A39500A2392C /* Request */ = {
			isa = PBXGroup;
			children = (
				EDC2CB9C29E7A30600A2392C /* RequestProtocol.swift */,
				EDC2CB9F29E7A3A300A2392C /* RequestType.swift */,
			);
			path = Request;
			sourceTree = "<group>";
		};
		EDC2CBA329E7AD7400A2392C /* Network */ = {
			isa = PBXGroup;
			children = (
				EDC2CBA129E7AAE000A2392C /* APIManagerService.swift */,
				EDC2CBA429E7AD8100A2392C /* RequestManager.swift */,
			);
			path = Network;
			sourceTree = "<group>";
		};
		EDC2CBAA29E7C5F400A2392C /* Movies */ = {
			isa = PBXGroup;
			children = (
				EDC2CBA829E7BB3D00A2392C /* MovieRequest.swift */,
				EDC2CB8C29E641A500A2392C /* MovieService.swift */,
				EDC2CB8E29E6436300A2392C /* MovieStore.swift */,
			);
			path = Movies;
			sourceTree = "<group>";
		};
		EDC2CBAB29E7C60500A2392C /* Data */ = {
			isa = PBXGroup;
			children = (
				EDC2CBA629E7AF1600A2392C /* DataParserService.swift */,
			);
			path = Data;
			sourceTree = "<group>";
		};
/* End PBXGroup section */

/* Begin PBXNativeTarget section */
		EDC2CB5A29E6254000A2392C /* MovieDBSwiftUI */ = {
			isa = PBXNativeTarget;
			buildConfigurationList = EDC2CB7F29E6254200A2392C /* Build configuration list for PBXNativeTarget "MovieDBSwiftUI" */;
			buildPhases = (
				EDC2CB5729E6254000A2392C /* Sources */,
				EDC2CB5829E6254000A2392C /* Frameworks */,
				EDC2CB5929E6254000A2392C /* Resources */,
			);
			buildRules = (
			);
			dependencies = (
			);
			name = MovieDBSwiftUI;
			productName = MovieDBSwiftUI;
			productReference = EDC2CB5B29E6254000A2392C /* MovieDBSwiftUI.app */;
			productType = "com.apple.product-type.application";
		};
		EDC2CB6A29E6254200A2392C /* MovieDBSwiftUITests */ = {
			isa = PBXNativeTarget;
			buildConfigurationList = EDC2CB8229E6254200A2392C /* Build configuration list for PBXNativeTarget "MovieDBSwiftUITests" */;
			buildPhases = (
				EDC2CB6729E6254200A2392C /* Sources */,
				EDC2CB6829E6254200A2392C /* Frameworks */,
				EDC2CB6929E6254200A2392C /* Resources */,
			);
			buildRules = (
			);
			dependencies = (
				EDC2CB6D29E6254200A2392C /* PBXTargetDependency */,
			);
			name = MovieDBSwiftUITests;
			productName = MovieDBSwiftUITests;
			productReference = EDC2CB6B29E6254200A2392C /* MovieDBSwiftUITests.xctest */;
			productType = "com.apple.product-type.bundle.unit-test";
		};
		EDC2CB7429E6254200A2392C /* MovieDBSwiftUIUITests */ = {
			isa = PBXNativeTarget;
			buildConfigurationList = EDC2CB8529E6254200A2392C /* Build configuration list for PBXNativeTarget "MovieDBSwiftUIUITests" */;
			buildPhases = (
				EDC2CB7129E6254200A2392C /* Sources */,
				EDC2CB7229E6254200A2392C /* Frameworks */,
				EDC2CB7329E6254200A2392C /* Resources */,
			);
			buildRules = (
			);
			dependencies = (
				EDC2CB7729E6254200A2392C /* PBXTargetDependency */,
			);
			name = MovieDBSwiftUIUITests;
			productName = MovieDBSwiftUIUITests;
			productReference = EDC2CB7529E6254200A2392C /* MovieDBSwiftUIUITests.xctest */;
			productType = "com.apple.product-type.bundle.ui-testing";
		};
/* End PBXNativeTarget section */

/* Begin PBXProject section */
		EDC2CB5329E6254000A2392C /* Project object */ = {
			isa = PBXProject;
			attributes = {
				BuildIndependentTargetsInParallel = 1;
				LastSwiftUpdateCheck = 1430;
				LastUpgradeCheck = 1430;
				TargetAttributes = {
					EDC2CB5A29E6254000A2392C = {
						CreatedOnToolsVersion = 14.3;
					};
					EDC2CB6A29E6254200A2392C = {
						CreatedOnToolsVersion = 14.3;
						TestTargetID = EDC2CB5A29E6254000A2392C;
					};
					EDC2CB7429E6254200A2392C = {
						CreatedOnToolsVersion = 14.3;
						TestTargetID = EDC2CB5A29E6254000A2392C;
					};
				};
			};
			buildConfigurationList = EDC2CB5629E6254000A2392C /* Build configuration list for PBXProject "MovieDBSwiftUI" */;
			compatibilityVersion = "Xcode 14.0";
			developmentRegion = en;
			hasScannedForEncodings = 0;
			knownRegions = (
				en,
				Base,
			);
			mainGroup = EDC2CB5229E6254000A2392C;
			productRefGroup = EDC2CB5C29E6254000A2392C /* Products */;
			projectDirPath = "";
			projectRoot = "";
			targets = (
				EDC2CB5A29E6254000A2392C /* MovieDBSwiftUI */,
				EDC2CB6A29E6254200A2392C /* MovieDBSwiftUITests */,
				EDC2CB7429E6254200A2392C /* MovieDBSwiftUIUITests */,
			);
		};
/* End PBXProject section */

/* Begin PBXResourcesBuildPhase section */
		EDC2CB5929E6254000A2392C /* Resources */ = {
			isa = PBXResourcesBuildPhase;
			buildActionMask = 2147483647;
			files = (
				EDC2CB6629E6254100A2392C /* Preview Assets.xcassets in Resources */,
				EDC2CB6329E6254100A2392C /* Assets.xcassets in Resources */,
			);
			runOnlyForDeploymentPostprocessing = 0;
		};
		EDC2CB6929E6254200A2392C /* Resources */ = {
			isa = PBXResourcesBuildPhase;
			buildActionMask = 2147483647;
			files = (
			);
			runOnlyForDeploymentPostprocessing = 0;
		};
		EDC2CB7329E6254200A2392C /* Resources */ = {
			isa = PBXResourcesBuildPhase;
			buildActionMask = 2147483647;
			files = (
			);
			runOnlyForDeploymentPostprocessing = 0;
		};
/* End PBXResourcesBuildPhase section */

/* Begin PBXSourcesBuildPhase section */
		EDC2CB5729E6254000A2392C /* Sources */ = {
			isa = PBXSourcesBuildPhase;
			buildActionMask = 2147483647;
			files = (
				EDC2CB6129E6254000A2392C /* ContentView.swift in Sources */,
				EDC2CB5F29E6254000A2392C /* MovieDBSwiftUIApp.swift in Sources */,
				EDC2CBA529E7AD8100A2392C /* RequestManager.swift in Sources */,
				EDC2CB9529E6447A00A2392C /* Utilities.swift in Sources */,
				EDC2CBA729E7AF1600A2392C /* DataParserService.swift in Sources */,
				EDC2CB9A29E66AFE00A2392C /* Data+Extensions.swift in Sources */,
				EDC2CBA229E7AAE000A2392C /* APIManagerService.swift in Sources */,
				EDC2CB8D29E641A500A2392C /* MovieService.swift in Sources */,
				EDC2CB8A29E6256900A2392C /* Movie.swift in Sources */,
				EDC2CB8F29E6436300A2392C /* MovieStore.swift in Sources */,
				EDC2CBA029E7A3A300A2392C /* RequestType.swift in Sources */,
				EDC2CB9329E643D600A2392C /* Constants.swift in Sources */,
				EDC2CBA929E7BB3D00A2392C /* MovieRequest.swift in Sources */,
				EDC2CB9D29E7A30600A2392C /* RequestProtocol.swift in Sources */,
			);
			runOnlyForDeploymentPostprocessing = 0;
		};
		EDC2CB6729E6254200A2392C /* Sources */ = {
			isa = PBXSourcesBuildPhase;
			buildActionMask = 2147483647;
			files = (
				EDC2CB7029E6254200A2392C /* MovieDBSwiftUITests.swift in Sources */,
			);
			runOnlyForDeploymentPostprocessing = 0;
		};
		EDC2CB7129E6254200A2392C /* Sources */ = {
			isa = PBXSourcesBuildPhase;
			buildActionMask = 2147483647;
			files = (
				EDC2CB7A29E6254200A2392C /* MovieDBSwiftUIUITests.swift in Sources */,
				EDC2CB7C29E6254200A2392C /* MovieDBSwiftUIUITestsLaunchTests.swift in Sources */,
			);
			runOnlyForDeploymentPostprocessing = 0;
		};
/* End PBXSourcesBuildPhase section */

/* Begin PBXTargetDependency section */
		EDC2CB6D29E6254200A2392C /* PBXTargetDependency */ = {
			isa = PBXTargetDependency;
			target = EDC2CB5A29E6254000A2392C /* MovieDBSwiftUI */;
			targetProxy = EDC2CB6C29E6254200A2392C /* PBXContainerItemProxy */;
		};
		EDC2CB7729E6254200A2392C /* PBXTargetDependency */ = {
			isa = PBXTargetDependency;
			target = EDC2CB5A29E6254000A2392C /* MovieDBSwiftUI */;
			targetProxy = EDC2CB7629E6254200A2392C /* PBXContainerItemProxy */;
		};
/* End PBXTargetDependency section */

/* Begin XCBuildConfiguration section */
		EDC2CB7D29E6254200A2392C /* Debug */ = {
			isa = XCBuildConfiguration;
			buildSettings = {
				ALWAYS_SEARCH_USER_PATHS = NO;
				CLANG_ANALYZER_NONNULL = YES;
				CLANG_ANALYZER_NUMBER_OBJECT_CONVERSION = YES_AGGRESSIVE;
				CLANG_CXX_LANGUAGE_STANDARD = "gnu++20";
				CLANG_ENABLE_MODULES = YES;
				CLANG_ENABLE_OBJC_ARC = YES;
				CLANG_ENABLE_OBJC_WEAK = YES;
				CLANG_WARN_BLOCK_CAPTURE_AUTORELEASING = YES;
				CLANG_WARN_BOOL_CONVERSION = YES;
				CLANG_WARN_COMMA = YES;
				CLANG_WARN_CONSTANT_CONVERSION = YES;
				CLANG_WARN_DEPRECATED_OBJC_IMPLEMENTATIONS = YES;
				CLANG_WARN_DIRECT_OBJC_ISA_USAGE = YES_ERROR;
				CLANG_WARN_DOCUMENTATION_COMMENTS = YES;
				CLANG_WARN_EMPTY_BODY = YES;
				CLANG_WARN_ENUM_CONVERSION = YES;
				CLANG_WARN_INFINITE_RECURSION = YES;
				CLANG_WARN_INT_CONVERSION = YES;
				CLANG_WARN_NON_LITERAL_NULL_CONVERSION = YES;
				CLANG_WARN_OBJC_IMPLICIT_RETAIN_SELF = YES;
				CLANG_WARN_OBJC_LITERAL_CONVERSION = YES;
				CLANG_WARN_OBJC_ROOT_CLASS = YES_ERROR;
				CLANG_WARN_QUOTED_INCLUDE_IN_FRAMEWORK_HEADER = YES;
				CLANG_WARN_RANGE_LOOP_ANALYSIS = YES;
				CLANG_WARN_STRICT_PROTOTYPES = YES;
				CLANG_WARN_SUSPICIOUS_MOVE = YES;
				CLANG_WARN_UNGUARDED_AVAILABILITY = YES_AGGRESSIVE;
				CLANG_WARN_UNREACHABLE_CODE = YES;
				CLANG_WARN__DUPLICATE_METHOD_MATCH = YES;
				COPY_PHASE_STRIP = NO;
				DEBUG_INFORMATION_FORMAT = dwarf;
				ENABLE_STRICT_OBJC_MSGSEND = YES;
				ENABLE_TESTABILITY = YES;
				GCC_C_LANGUAGE_STANDARD = gnu11;
				GCC_DYNAMIC_NO_PIC = NO;
				GCC_NO_COMMON_BLOCKS = YES;
				GCC_OPTIMIZATION_LEVEL = 0;
				GCC_PREPROCESSOR_DEFINITIONS = (
					"DEBUG=1",
					"$(inherited)",
				);
				GCC_WARN_64_TO_32_BIT_CONVERSION = YES;
				GCC_WARN_ABOUT_RETURN_TYPE = YES_ERROR;
				GCC_WARN_UNDECLARED_SELECTOR = YES;
				GCC_WARN_UNINITIALIZED_AUTOS = YES_AGGRESSIVE;
				GCC_WARN_UNUSED_FUNCTION = YES;
				GCC_WARN_UNUSED_VARIABLE = YES;
				IPHONEOS_DEPLOYMENT_TARGET = 16.4;
				MTL_ENABLE_DEBUG_INFO = INCLUDE_SOURCE;
				MTL_FAST_MATH = YES;
				ONLY_ACTIVE_ARCH = YES;
				SDKROOT = iphoneos;
				SWIFT_ACTIVE_COMPILATION_CONDITIONS = DEBUG;
				SWIFT_OPTIMIZATION_LEVEL = "-Onone";
			};
			name = Debug;
		};
		EDC2CB7E29E6254200A2392C /* Release */ = {
			isa = XCBuildConfiguration;
			buildSettings = {
				ALWAYS_SEARCH_USER_PATHS = NO;
				CLANG_ANALYZER_NONNULL = YES;
				CLANG_ANALYZER_NUMBER_OBJECT_CONVERSION = YES_AGGRESSIVE;
				CLANG_CXX_LANGUAGE_STANDARD = "gnu++20";
				CLANG_ENABLE_MODULES = YES;
				CLANG_ENABLE_OBJC_ARC = YES;
				CLANG_ENABLE_OBJC_WEAK = YES;
				CLANG_WARN_BLOCK_CAPTURE_AUTORELEASING = YES;
				CLANG_WARN_BOOL_CONVERSION = YES;
				CLANG_WARN_COMMA = YES;
				CLANG_WARN_CONSTANT_CONVERSION = YES;
				CLANG_WARN_DEPRECATED_OBJC_IMPLEMENTATIONS = YES;
				CLANG_WARN_DIRECT_OBJC_ISA_USAGE = YES_ERROR;
				CLANG_WARN_DOCUMENTATION_COMMENTS = YES;
				CLANG_WARN_EMPTY_BODY = YES;
				CLANG_WARN_ENUM_CONVERSION = YES;
				CLANG_WARN_INFINITE_RECURSION = YES;
				CLANG_WARN_INT_CONVERSION = YES;
				CLANG_WARN_NON_LITERAL_NULL_CONVERSION = YES;
				CLANG_WARN_OBJC_IMPLICIT_RETAIN_SELF = YES;
				CLANG_WARN_OBJC_LITERAL_CONVERSION = YES;
				CLANG_WARN_OBJC_ROOT_CLASS = YES_ERROR;
				CLANG_WARN_QUOTED_INCLUDE_IN_FRAMEWORK_HEADER = YES;
				CLANG_WARN_RANGE_LOOP_ANALYSIS = YES;
				CLANG_WARN_STRICT_PROTOTYPES = YES;
				CLANG_WARN_SUSPICIOUS_MOVE = YES;
				CLANG_WARN_UNGUARDED_AVAILABILITY = YES_AGGRESSIVE;
				CLANG_WARN_UNREACHABLE_CODE = YES;
				CLANG_WARN__DUPLICATE_METHOD_MATCH = YES;
				COPY_PHASE_STRIP = NO;
				DEBUG_INFORMATION_FORMAT = "dwarf-with-dsym";
				ENABLE_NS_ASSERTIONS = NO;
				ENABLE_STRICT_OBJC_MSGSEND = YES;
				GCC_C_LANGUAGE_STANDARD = gnu11;
				GCC_NO_COMMON_BLOCKS = YES;
				GCC_WARN_64_TO_32_BIT_CONVERSION = YES;
				GCC_WARN_ABOUT_RETURN_TYPE = YES_ERROR;
				GCC_WARN_UNDECLARED_SELECTOR = YES;
				GCC_WARN_UNINITIALIZED_AUTOS = YES_AGGRESSIVE;
				GCC_WARN_UNUSED_FUNCTION = YES;
				GCC_WARN_UNUSED_VARIABLE = YES;
				IPHONEOS_DEPLOYMENT_TARGET = 16.4;
				MTL_ENABLE_DEBUG_INFO = NO;
				MTL_FAST_MATH = YES;
				SDKROOT = iphoneos;
				SWIFT_COMPILATION_MODE = wholemodule;
				SWIFT_OPTIMIZATION_LEVEL = "-O";
				VALIDATE_PRODUCT = YES;
			};
			name = Release;
		};
		EDC2CB8029E6254200A2392C /* Debug */ = {
			isa = XCBuildConfiguration;
			buildSettings = {
				ASSETCATALOG_COMPILER_APPICON_NAME = AppIcon;
				ASSETCATALOG_COMPILER_GLOBAL_ACCENT_COLOR_NAME = AccentColor;
				CODE_SIGN_STYLE = Automatic;
				CURRENT_PROJECT_VERSION = 1;
				DEVELOPMENT_ASSET_PATHS = "\"MovieDBSwiftUI/Preview Content\"";
				DEVELOPMENT_TEAM = G387Y8424R;
				ENABLE_PREVIEWS = YES;
				GENERATE_INFOPLIST_FILE = YES;
				INFOPLIST_KEY_UIApplicationSceneManifest_Generation = YES;
				INFOPLIST_KEY_UIApplicationSupportsIndirectInputEvents = YES;
				INFOPLIST_KEY_UILaunchScreen_Generation = YES;
				INFOPLIST_KEY_UISupportedInterfaceOrientations_iPad = "UIInterfaceOrientationPortrait UIInterfaceOrientationPortraitUpsideDown UIInterfaceOrientationLandscapeLeft UIInterfaceOrientationLandscapeRight";
				INFOPLIST_KEY_UISupportedInterfaceOrientations_iPhone = "UIInterfaceOrientationPortrait UIInterfaceOrientationLandscapeLeft UIInterfaceOrientationLandscapeRight";
				LD_RUNPATH_SEARCH_PATHS = (
					"$(inherited)",
					"@executable_path/Frameworks",
				);
				MARKETING_VERSION = 1.0;
				PRODUCT_BUNDLE_IDENTIFIER = com.plotpoint.MovieDBSwiftUI;
				PRODUCT_NAME = "$(TARGET_NAME)";
				SWIFT_EMIT_LOC_STRINGS = YES;
				SWIFT_VERSION = 5.0;
				TARGETED_DEVICE_FAMILY = "1,2";
			};
			name = Debug;
		};
		EDC2CB8129E6254200A2392C /* Release */ = {
			isa = XCBuildConfiguration;
			buildSettings = {
				ASSETCATALOG_COMPILER_APPICON_NAME = AppIcon;
				ASSETCATALOG_COMPILER_GLOBAL_ACCENT_COLOR_NAME = AccentColor;
				CODE_SIGN_STYLE = Automatic;
				CURRENT_PROJECT_VERSION = 1;
				DEVELOPMENT_ASSET_PATHS = "\"MovieDBSwiftUI/Preview Content\"";
				DEVELOPMENT_TEAM = G387Y8424R;
				ENABLE_PREVIEWS = YES;
				GENERATE_INFOPLIST_FILE = YES;
				INFOPLIST_KEY_UIApplicationSceneManifest_Generation = YES;
				INFOPLIST_KEY_UIApplicationSupportsIndirectInputEvents = YES;
				INFOPLIST_KEY_UILaunchScreen_Generation = YES;
				INFOPLIST_KEY_UISupportedInterfaceOrientations_iPad = "UIInterfaceOrientationPortrait UIInterfaceOrientationPortraitUpsideDown UIInterfaceOrientationLandscapeLeft UIInterfaceOrientationLandscapeRight";
				INFOPLIST_KEY_UISupportedInterfaceOrientations_iPhone = "UIInterfaceOrientationPortrait UIInterfaceOrientationLandscapeLeft UIInterfaceOrientationLandscapeRight";
				LD_RUNPATH_SEARCH_PATHS = (
					"$(inherited)",
					"@executable_path/Frameworks",
				);
				MARKETING_VERSION = 1.0;
				PRODUCT_BUNDLE_IDENTIFIER = com.plotpoint.MovieDBSwiftUI;
				PRODUCT_NAME = "$(TARGET_NAME)";
				SWIFT_EMIT_LOC_STRINGS = YES;
				SWIFT_VERSION = 5.0;
				TARGETED_DEVICE_FAMILY = "1,2";
			};
			name = Release;
		};
		EDC2CB8329E6254200A2392C /* Debug */ = {
			isa = XCBuildConfiguration;
			buildSettings = {
				ALWAYS_EMBED_SWIFT_STANDARD_LIBRARIES = YES;
				BUNDLE_LOADER = "$(TEST_HOST)";
				CODE_SIGN_STYLE = Automatic;
				CURRENT_PROJECT_VERSION = 1;
				DEVELOPMENT_TEAM = G387Y8424R;
				GENERATE_INFOPLIST_FILE = YES;
				IPHONEOS_DEPLOYMENT_TARGET = 16.4;
				MARKETING_VERSION = 1.0;
				PRODUCT_BUNDLE_IDENTIFIER = com.plotpoint.MovieDBSwiftUITests;
				PRODUCT_NAME = "$(TARGET_NAME)";
				SWIFT_EMIT_LOC_STRINGS = NO;
				SWIFT_VERSION = 5.0;
				TARGETED_DEVICE_FAMILY = "1,2";
				TEST_HOST = "$(BUILT_PRODUCTS_DIR)/MovieDBSwiftUI.app/$(BUNDLE_EXECUTABLE_FOLDER_PATH)/MovieDBSwiftUI";
			};
			name = Debug;
		};
		EDC2CB8429E6254200A2392C /* Release */ = {
			isa = XCBuildConfiguration;
			buildSettings = {
				ALWAYS_EMBED_SWIFT_STANDARD_LIBRARIES = YES;
				BUNDLE_LOADER = "$(TEST_HOST)";
				CODE_SIGN_STYLE = Automatic;
				CURRENT_PROJECT_VERSION = 1;
				DEVELOPMENT_TEAM = G387Y8424R;
				GENERATE_INFOPLIST_FILE = YES;
				IPHONEOS_DEPLOYMENT_TARGET = 16.4;
				MARKETING_VERSION = 1.0;
				PRODUCT_BUNDLE_IDENTIFIER = com.plotpoint.MovieDBSwiftUITests;
				PRODUCT_NAME = "$(TARGET_NAME)";
				SWIFT_EMIT_LOC_STRINGS = NO;
				SWIFT_VERSION = 5.0;
				TARGETED_DEVICE_FAMILY = "1,2";
				TEST_HOST = "$(BUILT_PRODUCTS_DIR)/MovieDBSwiftUI.app/$(BUNDLE_EXECUTABLE_FOLDER_PATH)/MovieDBSwiftUI";
			};
			name = Release;
		};
		EDC2CB8629E6254200A2392C /* Debug */ = {
			isa = XCBuildConfiguration;
			buildSettings = {
				ALWAYS_EMBED_SWIFT_STANDARD_LIBRARIES = YES;
				CODE_SIGN_STYLE = Automatic;
				CURRENT_PROJECT_VERSION = 1;
				DEVELOPMENT_TEAM = G387Y8424R;
				GENERATE_INFOPLIST_FILE = YES;
				MARKETING_VERSION = 1.0;
				PRODUCT_BUNDLE_IDENTIFIER = com.plotpoint.MovieDBSwiftUIUITests;
				PRODUCT_NAME = "$(TARGET_NAME)";
				SWIFT_EMIT_LOC_STRINGS = NO;
				SWIFT_VERSION = 5.0;
				TARGETED_DEVICE_FAMILY = "1,2";
				TEST_TARGET_NAME = MovieDBSwiftUI;
			};
			name = Debug;
		};
		EDC2CB8729E6254200A2392C /* Release */ = {
			isa = XCBuildConfiguration;
			buildSettings = {
				ALWAYS_EMBED_SWIFT_STANDARD_LIBRARIES = YES;
				CODE_SIGN_STYLE = Automatic;
				CURRENT_PROJECT_VERSION = 1;
				DEVELOPMENT_TEAM = G387Y8424R;
				GENERATE_INFOPLIST_FILE = YES;
				MARKETING_VERSION = 1.0;
				PRODUCT_BUNDLE_IDENTIFIER = com.plotpoint.MovieDBSwiftUIUITests;
				PRODUCT_NAME = "$(TARGET_NAME)";
				SWIFT_EMIT_LOC_STRINGS = NO;
				SWIFT_VERSION = 5.0;
				TARGETED_DEVICE_FAMILY = "1,2";
				TEST_TARGET_NAME = MovieDBSwiftUI;
			};
			name = Release;
		};
/* End XCBuildConfiguration section */

/* Begin XCConfigurationList section */
		EDC2CB5629E6254000A2392C /* Build configuration list for PBXProject "MovieDBSwiftUI" */ = {
			isa = XCConfigurationList;
			buildConfigurations = (
				EDC2CB7D29E6254200A2392C /* Debug */,
				EDC2CB7E29E6254200A2392C /* Release */,
			);
			defaultConfigurationIsVisible = 0;
			defaultConfigurationName = Release;
		};
		EDC2CB7F29E6254200A2392C /* Build configuration list for PBXNativeTarget "MovieDBSwiftUI" */ = {
			isa = XCConfigurationList;
			buildConfigurations = (
				EDC2CB8029E6254200A2392C /* Debug */,
				EDC2CB8129E6254200A2392C /* Release */,
			);
			defaultConfigurationIsVisible = 0;
			defaultConfigurationName = Release;
		};
		EDC2CB8229E6254200A2392C /* Build configuration list for PBXNativeTarget "MovieDBSwiftUITests" */ = {
			isa = XCConfigurationList;
			buildConfigurations = (
				EDC2CB8329E6254200A2392C /* Debug */,
				EDC2CB8429E6254200A2392C /* Release */,
			);
			defaultConfigurationIsVisible = 0;
			defaultConfigurationName = Release;
		};
		EDC2CB8529E6254200A2392C /* Build configuration list for PBXNativeTarget "MovieDBSwiftUIUITests" */ = {
			isa = XCConfigurationList;
			buildConfigurations = (
				EDC2CB8629E6254200A2392C /* Debug */,
				EDC2CB8729E6254200A2392C /* Release */,
			);
			defaultConfigurationIsVisible = 0;
			defaultConfigurationName = Release;
		};
/* End XCConfigurationList section */
	};
	rootObject = EDC2CB5329E6254000A2392C /* Project object */;
}
