// !$*UTF8*$!
{
	archiveVersion = 1;
	classes = {
	};
	objectVersion = 56;
	objects = {

/* Begin PBXBuildFile section */
		EDC2CB5F29E6254000A2392C /* MovieDBSwiftUIApp.swift in Sources */ = {isa = PBXBuildFile; fileRef = EDC2CB5E29E6254000A2392C /* MovieDBSwiftUIApp.swift */; };
		EDC2CB6129E6254000A2392C /* ContentView.swift in Sources */ = {isa = PBXBuildFile; fileRef = EDC2CB6029E6254000A2392C /* ContentView.swift */; };
		EDC2CB6329E6254100A2392C /* Assets.xcassets in Resources */ = {isa = PBXBuildFile; fileRef = EDC2CB6229E6254100A2392C /* Assets.xcassets */; };
		EDC2CB6629E6254100A2392C /* Preview Assets.xcassets in Resources */ = {isa = PBXBuildFile; fileRef = EDC2CB6529E6254100A2392C /* Preview Assets.xcassets */; };
		EDC2CB7029E6254200A2392C /* MovieDBSwiftUITests.swift in Sources */ = {isa = PBXBuildFile; fileRef = EDC2CB6F29E6254200A2392C /* MovieDBSwiftUITests.swift */; };
		EDC2CB7A29E6254200A2392C /* MovieDBSwiftUIUITests.swift in Sources */ = {isa = PBXBuildFile; fileRef = EDC2CB7929E6254200A2392C /* MovieDBSwiftUIUITests.swift */; };
		EDC2CB7C29E6254200A2392C /* MovieDBSwiftUIUITestsLaunchTests.swift in Sources */ = {isa = PBXBuildFile; fileRef = EDC2CB7B29E6254200A2392C /* MovieDBSwiftUIUITestsLaunchTests.swift */; };
/* End PBXBuildFile section */

/* Begin PBXContainerItemProxy section */
		EDC2CB6C29E6254200A2392C /* PBXContainerItemProxy */ = {
			isa = PBXContainerItemProxy;
			containerPortal = EDC2CB5329E6254000A2392C /* Project object */;
			proxyType = 1;
			remoteGlobalIDString = EDC2CB5A29E6254000A2392C;
			remoteInfo = MovieDBSwiftUI;
		};
		EDC2CB7629E6254200A2392C /* PBXContainerItemProxy */ = {
			isa = PBXContainerItemProxy;
			containerPortal = EDC2CB5329E6254000A2392C /* Project object */;
			proxyType = 1;
			remoteGlobalIDString = EDC2CB5A29E6254000A2392C;
			remoteInfo = MovieDBSwiftUI;
		};
/* End PBXContainerItemProxy section */

/* Begin PBXFileReference section */
		EDC2CB5B29E6254000A2392C /* MovieDBSwiftUI.app */ = {isa = PBXFileReference; explicitFileType = wrapper.application; includeInIndex = 0; path = MovieDBSwiftUI.app; sourceTree = BUILT_PRODUCTS_DIR; };
		EDC2CB5E29E6254000A2392C /* MovieDBSwiftUIApp.swift */ = {isa = PBXFileReference; lastKnownFileType = sourcecode.swift; path = MovieDBSwiftUIApp.swift; sourceTree = "<group>"; };
		EDC2CB6029E6254000A2392C /* ContentView.swift */ = {isa = PBXFileReference; lastKnownFileType = sourcecode.swift; path = ContentView.swift; sourceTree = "<group>"; };
		EDC2CB6229E6254100A2392C /* Assets.xcassets */ = {isa = PBXFileReference; lastKnownFileType = folder.assetcatalog; path = Assets.xcassets; sourceTree = "<group>"; };
		EDC2CB6529E6254100A2392C /* Preview Assets.xcassets */ = {isa = PBXFileReference; lastKnownFileType = folder.assetcatalog; path = "Preview Assets.xcassets"; sourceTree = "<group>"; };
		EDC2CB6B29E6254200A2392C /* MovieDBSwiftUITests.xctest */ = {isa = PBXFileReference; explicitFileType = wrapper.cfbundle; includeInIndex = 0; path = MovieDBSwiftUITests.xctest; sourceTree = BUILT_PRODUCTS_DIR; };
		EDC2CB6F29E6254200A2392C /* MovieDBSwiftUITests.swift */ = {isa = PBXFileReference; lastKnownFileType = sourcecode.swift; path = MovieDBSwiftUITests.swift; sourceTree = "<group>"; };
		EDC2CB7529E6254200A2392C /* MovieDBSwiftUIUITests.xctest */ = {isa = PBXFileReference; explicitFileType = wrapper.cfbundle; includeInIndex = 0; path = MovieDBSwiftUIUITests.xctest; sourceTree = BUILT_PRODUCTS_DIR; };
		EDC2CB7929E6254200A2392C /* MovieDBSwiftUIUITests.swift */ = {isa = PBXFileReference; lastKnownFileType = sourcecode.swift; path = MovieDBSwiftUIUITests.swift; sourceTree = "<group>"; };
		EDC2CB7B29E6254200A2392C /* MovieDBSwiftUIUITestsLaunchTests.swift */ = {isa = PBXFileReference; lastKnownFileType = sourcecode.swift; path = MovieDBSwiftUIUITestsLaunchTests.swift; sourceTree = "<group>"; };
/* End PBXFileReference section */

/* Begin PBXFrameworksBuildPhase section */
		EDC2CB5829E6254000A2392C /* Frameworks */ = {
			isa = PBXFrameworksBuildPhase;
			buildActionMask = 2147483647;
			files = (
			);
			runOnlyForDeploymentPostprocessing = 0;
		};
		EDC2CB6829E6254200A2392C /* Frameworks */ = {
			isa = PBXFrameworksBuildPhase;
			buildActionMask = 2147483647;
			files = (
			);
			runOnlyForDeploymentPostprocessing = 0;
		};
		EDC2CB7229E6254200A2392C /* Frameworks */ = {
			isa = PBXFrameworksBuildPhase;
			buildActionMask = 2147483647;
			files = (
			);
			runOnlyForDeploymentPostprocessing = 0;
		};
/* End PBXFrameworksBuildPhase section */

/* Begin PBXGroup section */
		EDC2CB5229E6254000A2392C = {
			isa = PBXGroup;
			children = (
				EDC2CB5D29E6254000A2392C /* MovieDBSwiftUI */,
				EDC2CB6E29E6254200A2392C /* MovieDBSwiftUITests */,
				EDC2CB7829E6254200A2392C /* MovieDBSwiftUIUITests */,
				EDC2CB5C29E6254000A2392C /* Products */,
			);
			sourceTree = "<group>";
		};
		EDC2CB5C29E6254000A2392C /* Products */ = {
			isa = PBXGroup;
			children = (
				EDC2CB5B29E6254000A2392C /* MovieDBSwiftUI.app */,
				EDC2CB6B29E6254200A2392C /* MovieDBSwiftUITests.xctest */,
				EDC2CB7529E6254200A2392C /* MovieDBSwiftUIUITests.xctest */,
			);
			name = Products;
			sourceTree = "<group>";
		};
		EDC2CB5D29E6254000A2392C /* MovieDBSwiftUI */ = {
			isa = PBXGroup;
			children = (
				EDC2CB5E29E6254000A2392C /* MovieDBSwiftUIApp.swift */,
				EDC2CB6029E6254000A2392C /* ContentView.swift */,
				EDC2CB6229E6254100A2392C /* Assets.xcassets */,
				EDC2CB6429E6254100A2392C /* Preview Content */,
			);
			path = MovieDBSwiftUI;
			sourceTree = "<group>";
		};
		EDC2CB6429E6254100A2392C /* Preview Content */ = {
			isa = PBXGroup;
			children = (
				EDC2CB6529E6254100A2392C /* Preview Assets.xcassets */,
			);
			path = "Preview Content";
			sourceTree = "<group>";
		};
		EDC2CB6E29E6254200A2392C /* MovieDBSwiftUITests */ = {
			isa = PBXGroup;
			children = (
				EDC2CB6F29E6254200A2392C /* MovieDBSwiftUITests.swift */,
			);
			path = MovieDBSwiftUITests;
			sourceTree = "<group>";
		};
		EDC2CB7829E6254200A2392C /* MovieDBSwiftUIUITests */ = {
			isa = PBXGroup;
			children = (
				EDC2CB7929E6254200A2392C /* MovieDBSwiftUIUITests.swift */,
				EDC2CB7B29E6254200A2392C /* MovieDBSwiftUIUITestsLaunchTests.swift */,
			);
			path = MovieDBSwiftUIUITests;
			sourceTree = "<group>";
		};
/* End PBXGroup section */

/* Begin PBXNativeTarget section */
		EDC2CB5A29E6254000A2392C /* MovieDBSwiftUI */ = {
			isa = PBXNativeTarget;
			buildConfigurationList = EDC2CB7F29E6254200A2392C /* Build configuration list for PBXNativeTarget "MovieDBSwiftUI" */;
			buildPhases = (
				EDC2CB5729E6254000A2392C /* Sources */,
				EDC2CB5829E6254000A2392C /* Frameworks */,
				EDC2CB5929E6254000A2392C /* Resources */,
			);
			buildRules = (
			);
			dependencies = (
			);
			name = MovieDBSwiftUI;
			productName = MovieDBSwiftUI;
			productReference = EDC2CB5B29E6254000A2392C /* MovieDBSwiftUI.app */;
			productType = "com.apple.product-type.application";
		};
		EDC2CB6A29E6254200A2392C /* MovieDBSwiftUITests */ = {
			isa = PBXNativeTarget;
			buildConfigurationList = EDC2CB8229E6254200A2392C /* Build configuration list for PBXNativeTarget "MovieDBSwiftUITests" */;
			buildPhases = (
				EDC2CB6729E6254200A2392C /* Sources */,
				EDC2CB6829E6254200A2392C /* Frameworks */,
				EDC2CB6929E6254200A2392C /* Resources */,
			);
			buildRules = (
			);
			dependencies = (
				EDC2CB6D29E6254200A2392C /* PBXTargetDependency */,
			);
			name = MovieDBSwiftUITests;
			productName = MovieDBSwiftUITests;
			productReference = EDC2CB6B29E6254200A2392C /* MovieDBSwiftUITests.xctest */;
			productType = "com.apple.product-type.bundle.unit-test";
		};
		EDC2CB7429E6254200A2392C /* MovieDBSwiftUIUITests */ = {
			isa = PBXNativeTarget;
			buildConfigurationList = EDC2CB8529E6254200A2392C /* Build configuration list for PBXNativeTarget "MovieDBSwiftUIUITests" */;
			buildPhases = (
				EDC2CB7129E6254200A2392C /* Sources */,
				EDC2CB7229E6254200A2392C /* Frameworks */,
				EDC2CB7329E6254200A2392C /* Resources */,
			);
			buildRules = (
			);
			dependencies = (
				EDC2CB7729E6254200A2392C /* PBXTargetDependency */,
			);
			name = MovieDBSwiftUIUITests;
			productName = MovieDBSwiftUIUITests;
			productReference = EDC2CB7529E6254200A2392C /* MovieDBSwiftUIUITests.xctest */;
			productType = "com.apple.product-type.bundle.ui-testing";
		};
/* End PBXNativeTarget section */

/* Begin PBXProject section */
		EDC2CB5329E6254000A2392C /* Project object */ = {
			isa = PBXProject;
			attributes = {
				BuildIndependentTargetsInParallel = 1;
				LastSwiftUpdateCheck = 1430;
				LastUpgradeCheck = 1430;
				TargetAttributes = {
					EDC2CB5A29E6254000A2392C = {
						CreatedOnToolsVersion = 14.3;
					};
					EDC2CB6A29E6254200A2392C = {
						CreatedOnToolsVersion = 14.3;
						TestTargetID = EDC2CB5A29E6254000A2392C;
					};
					EDC2CB7429E6254200A2392C = {
						CreatedOnToolsVersion = 14.3;
						TestTargetID = EDC2CB5A29E6254000A2392C;
					};
				};
			};
			buildConfigurationList = EDC2CB5629E6254000A2392C /* Build configuration list for PBXProject "MovieDBSwiftUI" */;
			compatibilityVersion = "Xcode 14.0";
			developmentRegion = en;
			hasScannedForEncodings = 0;
			knownRegions = (
				en,
				Base,
			);
			mainGroup = EDC2CB5229E6254000A2392C;
			productRefGroup = EDC2CB5C29E6254000A2392C /* Products */;
			projectDirPath = "";
			projectRoot = "";
			targets = (
				EDC2CB5A29E6254000A2392C /* MovieDBSwiftUI */,
				EDC2CB6A29E6254200A2392C /* MovieDBSwiftUITests */,
				EDC2CB7429E6254200A2392C /* MovieDBSwiftUIUITests */,
			);
		};
/* End PBXProject section */

/* Begin PBXResourcesBuildPhase section */
		EDC2CB5929E6254000A2392C /* Resources */ = {
			isa = PBXResourcesBuildPhase;
			buildActionMask = 2147483647;
			files = (
				EDC2CB6629E6254100A2392C /* Preview Assets.xcassets in Resources */,
				EDC2CB6329E6254100A2392C /* Assets.xcassets in Resources */,
			);
			runOnlyForDeploymentPostprocessing = 0;
		};
		EDC2CB6929E6254200A2392C /* Resources */ = {
			isa = PBXResourcesBuildPhase;
			buildActionMask = 2147483647;
			files = (
			);
			runOnlyForDeploymentPostprocessing = 0;
		};
		EDC2CB7329E6254200A2392C /* Resources */ = {
			isa = PBXResourcesBuildPhase;
			buildActionMask = 2147483647;
			files = (
			);
			runOnlyForDeploymentPostprocessing = 0;
		};
/* End PBXResourcesBuildPhase section */

/* Begin PBXSourcesBuildPhase section */
		EDC2CB5729E6254000A2392C /* Sources */ = {
			isa = PBXSourcesBuildPhase;
			buildActionMask = 2147483647;
			files = (
				EDC2CB6129E6254000A2392C /* ContentView.swift in Sources */,
				EDC2CB5F29E6254000A2392C /* MovieDBSwiftUIApp.swift in Sources */,
			);
			runOnlyForDeploymentPostprocessing = 0;
		};
		EDC2CB6729E6254200A2392C /* Sources */ = {
			isa = PBXSourcesBuildPhase;
			buildActionMask = 2147483647;
			files = (
				EDC2CB7029E6254200A2392C /* MovieDBSwiftUITests.swift in Sources */,
			);
			runOnlyForDeploymentPostprocessing = 0;
		};
		EDC2CB7129E6254200A2392C /* Sources */ = {
			isa = PBXSourcesBuildPhase;
			buildActionMask = 2147483647;
			files = (
				EDC2CB7A29E6254200A2392C /* MovieDBSwiftUIUITests.swift in Sources */,
				EDC2CB7C29E6254200A2392C /* MovieDBSwiftUIUITestsLaunchTests.swift in Sources */,
			);
			runOnlyForDeploymentPostprocessing = 0;
		};
/* End PBXSourcesBuildPhase section */

/* Begin PBXTargetDependency section */
		EDC2CB6D29E6254200A2392C /* PBXTargetDependency */ = {
			isa = PBXTargetDependency;
			target = EDC2CB5A29E6254000A2392C /* MovieDBSwiftUI */;
			targetProxy = EDC2CB6C29E6254200A2392C /* PBXContainerItemProxy */;
		};
		EDC2CB7729E6254200A2392C /* PBXTargetDependency */ = {
			isa = PBXTargetDependency;
			target = EDC2CB5A29E6254000A2392C /* MovieDBSwiftUI */;
			targetProxy = EDC2CB7629E6254200A2392C /* PBXContainerItemProxy */;
		};
/* End PBXTargetDependency section */

/* Begin XCBuildConfiguration section */
		EDC2CB7D29E6254200A2392C /* Debug */ = {
			isa = XCBuildConfiguration;
			buildSettings = {
				ALWAYS_SEARCH_USER_PATHS = NO;
				CLANG_ANALYZER_NONNULL = YES;
				CLANG_ANALYZER_NUMBER_OBJECT_CONVERSION = YES_AGGRESSIVE;
				CLANG_CXX_LANGUAGE_STANDARD = "gnu++20";
				CLANG_ENABLE_MODULES = YES;
				CLANG_ENABLE_OBJC_ARC = YES;
				CLANG_ENABLE_OBJC_WEAK = YES;
				CLANG_WARN_BLOCK_CAPTURE_AUTORELEASING = YES;
				CLANG_WARN_BOOL_CONVERSION = YES;
				CLANG_WARN_COMMA = YES;
				CLANG_WARN_CONSTANT_CONVERSION = YES;
				CLANG_WARN_DEPRECATED_OBJC_IMPLEMENTATIONS = YES;
				CLANG_WARN_DIRECT_OBJC_ISA_USAGE = YES_ERROR;
				CLANG_WARN_DOCUMENTATION_COMMENTS = YES;
				CLANG_WARN_EMPTY_BODY = YES;
				CLANG_WARN_ENUM_CONVERSION = YES;
				CLANG_WARN_INFINITE_RECURSION = YES;
				CLANG_WARN_INT_CONVERSION = YES;
				CLANG_WARN_NON_LITERAL_NULL_CONVERSION = YES;
				CLANG_WARN_OBJC_IMPLICIT_RETAIN_SELF = YES;
				CLANG_WARN_OBJC_LITERAL_CONVERSION = YES;
				CLANG_WARN_OBJC_ROOT_CLASS = YES_ERROR;
				CLANG_WARN_QUOTED_INCLUDE_IN_FRAMEWORK_HEADER = YES;
				CLANG_WARN_RANGE_LOOP_ANALYSIS = YES;
				CLANG_WARN_STRICT_PROTOTYPES = YES;
				CLANG_WARN_SUSPICIOUS_MOVE = YES;
				CLANG_WARN_UNGUARDED_AVAILABILITY = YES_AGGRESSIVE;
				CLANG_WARN_UNREACHABLE_CODE = YES;
				CLANG_WARN__DUPLICATE_METHOD_MATCH = YES;
				COPY_PHASE_STRIP = NO;
				DEBUG_INFORMATION_FORMAT = dwarf;
				ENABLE_STRICT_OBJC_MSGSEND = YES;
				ENABLE_TESTABILITY = YES;
				GCC_C_LANGUAGE_STANDARD = gnu11;
				GCC_DYNAMIC_NO_PIC = NO;
				GCC_NO_COMMON_BLOCKS = YES;
				GCC_OPTIMIZATION_LEVEL = 0;
				GCC_PREPROCESSOR_DEFINITIONS = (
					"DEBUG=1",
					"$(inherited)",
				);
				GCC_WARN_64_TO_32_BIT_CONVERSION = YES;
				GCC_WARN_ABOUT_RETURN_TYPE = YES_ERROR;
				GCC_WARN_UNDECLARED_SELECTOR = YES;
				GCC_WARN_UNINITIALIZED_AUTOS = YES_AGGRESSIVE;
				GCC_WARN_UNUSED_FUNCTION = YES;
				GCC_WARN_UNUSED_VARIABLE = YES;
				IPHONEOS_DEPLOYMENT_TARGET = 16.4;
				MTL_ENABLE_DEBUG_INFO = INCLUDE_SOURCE;
				MTL_FAST_MATH = YES;
				ONLY_ACTIVE_ARCH = YES;
				SDKROOT = iphoneos;
				SWIFT_ACTIVE_COMPILATION_CONDITIONS = DEBUG;
				SWIFT_OPTIMIZATION_LEVEL = "-Onone";
			};
			name = Debug;
		};
		EDC2CB7E29E6254200A2392C /* Release */ = {
			isa = XCBuildConfiguration;
			buildSettings = {
				ALWAYS_SEARCH_USER_PATHS = NO;
				CLANG_ANALYZER_NONNULL = YES;
				CLANG_ANALYZER_NUMBER_OBJECT_CONVERSION = YES_AGGRESSIVE;
				CLANG_CXX_LANGUAGE_STANDARD = "gnu++20";
				CLANG_ENABLE_MODULES = YES;
				CLANG_ENABLE_OBJC_ARC = YES;
				CLANG_ENABLE_OBJC_WEAK = YES;
				CLANG_WARN_BLOCK_CAPTURE_AUTORELEASING = YES;
				CLANG_WARN_BOOL_CONVERSION = YES;
				CLANG_WARN_COMMA = YES;
				CLANG_WARN_CONSTANT_CONVERSION = YES;
				CLANG_WARN_DEPRECATED_OBJC_IMPLEMENTATIONS = YES;
				CLANG_WARN_DIRECT_OBJC_ISA_USAGE = YES_ERROR;
				CLANG_WARN_DOCUMENTATION_COMMENTS = YES;
				CLANG_WARN_EMPTY_BODY = YES;
				CLANG_WARN_ENUM_CONVERSION = YES;
				CLANG_WARN_INFINITE_RECURSION = YES;
				CLANG_WARN_INT_CONVERSION = YES;
				CLANG_WARN_NON_LITERAL_NULL_CONVERSION = YES;
				CLANG_WARN_OBJC_IMPLICIT_RETAIN_SELF = YES;
				CLANG_WARN_OBJC_LITERAL_CONVERSION = YES;
				CLANG_WARN_OBJC_ROOT_CLASS = YES_ERROR;
				CLANG_WARN_QUOTED_INCLUDE_IN_FRAMEWORK_HEADER = YES;
				CLANG_WARN_RANGE_LOOP_ANALYSIS = YES;
				CLANG_WARN_STRICT_PROTOTYPES = YES;
				CLANG_WARN_SUSPICIOUS_MOVE = YES;
				CLANG_WARN_UNGUARDED_AVAILABILITY = YES_AGGRESSIVE;
				CLANG_WARN_UNREACHABLE_CODE = YES;
				CLANG_WARN__DUPLICATE_METHOD_MATCH = YES;
				COPY_PHASE_STRIP = NO;
				DEBUG_INFORMATION_FORMAT = "dwarf-with-dsym";
				ENABLE_NS_ASSERTIONS = NO;
				ENABLE_STRICT_OBJC_MSGSEND = YES;
				GCC_C_LANGUAGE_STANDARD = gnu11;
				GCC_NO_COMMON_BLOCKS = YES;
				GCC_WARN_64_TO_32_BIT_CONVERSION = YES;
				GCC_WARN_ABOUT_RETURN_TYPE = YES_ERROR;
				GCC_WARN_UNDECLARED_SELECTOR = YES;
				GCC_WARN_UNINITIALIZED_AUTOS = YES_AGGRESSIVE;
				GCC_WARN_UNUSED_FUNCTION = YES;
				GCC_WARN_UNUSED_VARIABLE = YES;
				IPHONEOS_DEPLOYMENT_TARGET = 16.4;
				MTL_ENABLE_DEBUG_INFO = NO;
				MTL_FAST_MATH = YES;
				SDKROOT = iphoneos;
				SWIFT_COMPILATION_MODE = wholemodule;
				SWIFT_OPTIMIZATION_LEVEL = "-O";
				VALIDATE_PRODUCT = YES;
			};
			name = Release;
		};
		EDC2CB8029E6254200A2392C /* Debug */ = {
			isa = XCBuildConfiguration;
			buildSettings = {
				ASSETCATALOG_COMPILER_APPICON_NAME = AppIcon;
				ASSETCATALOG_COMPILER_GLOBAL_ACCENT_COLOR_NAME = AccentColor;
				CODE_SIGN_STYLE = Automatic;
				CURRENT_PROJECT_VERSION = 1;
				DEVELOPMENT_ASSET_PATHS = "\"MovieDBSwiftUI/Preview Content\"";
				DEVELOPMENT_TEAM = G387Y8424R;
				ENABLE_PREVIEWS = YES;
				GENERATE_INFOPLIST_FILE = YES;
				INFOPLIST_KEY_UIApplicationSceneManifest_Generation = YES;
				INFOPLIST_KEY_UIApplicationSupportsIndirectInputEvents = YES;
				INFOPLIST_KEY_UILaunchScreen_Generation = YES;
				INFOPLIST_KEY_UISupportedInterfaceOrientations_iPad = "UIInterfaceOrientationPortrait UIInterfaceOrientationPortraitUpsideDown UIInterfaceOrientationLandscapeLeft UIInterfaceOrientationLandscapeRight";
				INFOPLIST_KEY_UISupportedInterfaceOrientations_iPhone = "UIInterfaceOrientationPortrait UIInterfaceOrientationLandscapeLeft UIInterfaceOrientationLandscapeRight";
				LD_RUNPATH_SEARCH_PATHS = (
					"$(inherited)",
					"@executable_path/Frameworks",
				);
				MARKETING_VERSION = 1.0;
				PRODUCT_BUNDLE_IDENTIFIER = com.plotpoint.MovieDBSwiftUI;
				PRODUCT_NAME = "$(TARGET_NAME)";
				SWIFT_EMIT_LOC_STRINGS = YES;
				SWIFT_VERSION = 5.0;
				TARGETED_DEVICE_FAMILY = "1,2";
			};
			name = Debug;
		};
		EDC2CB8129E6254200A2392C /* Release */ = {
			isa = XCBuildConfiguration;
			buildSettings = {
				ASSETCATALOG_COMPILER_APPICON_NAME = AppIcon;
				ASSETCATALOG_COMPILER_GLOBAL_ACCENT_COLOR_NAME = AccentColor;
				CODE_SIGN_STYLE = Automatic;
				CURRENT_PROJECT_VERSION = 1;
				DEVELOPMENT_ASSET_PATHS = "\"MovieDBSwiftUI/Preview Content\"";
				DEVELOPMENT_TEAM = G387Y8424R;
				ENABLE_PREVIEWS = YES;
				GENERATE_INFOPLIST_FILE = YES;
				INFOPLIST_KEY_UIApplicationSceneManifest_Generation = YES;
				INFOPLIST_KEY_UIApplicationSupportsIndirectInputEvents = YES;
				INFOPLIST_KEY_UILaunchScreen_Generation = YES;
				INFOPLIST_KEY_UISupportedInterfaceOrientations_iPad = "UIInterfaceOrientationPortrait UIInterfaceOrientationPortraitUpsideDown UIInterfaceOrientationLandscapeLeft UIInterfaceOrientationLandscapeRight";
				INFOPLIST_KEY_UISupportedInterfaceOrientations_iPhone = "UIInterfaceOrientationPortrait UIInterfaceOrientationLandscapeLeft UIInterfaceOrientationLandscapeRight";
				LD_RUNPATH_SEARCH_PATHS = (
					"$(inherited)",
					"@executable_path/Frameworks",
				);
				MARKETING_VERSION = 1.0;
				PRODUCT_BUNDLE_IDENTIFIER = com.plotpoint.MovieDBSwiftUI;
				PRODUCT_NAME = "$(TARGET_NAME)";
				SWIFT_EMIT_LOC_STRINGS = YES;
				SWIFT_VERSION = 5.0;
				TARGETED_DEVICE_FAMILY = "1,2";
			};
			name = Release;
		};
		EDC2CB8329E6254200A2392C /* Debug */ = {
			isa = XCBuildConfiguration;
			buildSettings = {
				ALWAYS_EMBED_SWIFT_STANDARD_LIBRARIES = YES;
				BUNDLE_LOADER = "$(TEST_HOST)";
				CODE_SIGN_STYLE = Automatic;
				CURRENT_PROJECT_VERSION = 1;
				DEVELOPMENT_TEAM = G387Y8424R;
				GENERATE_INFOPLIST_FILE = YES;
				IPHONEOS_DEPLOYMENT_TARGET = 16.4;
				MARKETING_VERSION = 1.0;
				PRODUCT_BUNDLE_IDENTIFIER = com.plotpoint.MovieDBSwiftUITests;
				PRODUCT_NAME = "$(TARGET_NAME)";
				SWIFT_EMIT_LOC_STRINGS = NO;
				SWIFT_VERSION = 5.0;
				TARGETED_DEVICE_FAMILY = "1,2";
				TEST_HOST = "$(BUILT_PRODUCTS_DIR)/MovieDBSwiftUI.app/$(BUNDLE_EXECUTABLE_FOLDER_PATH)/MovieDBSwiftUI";
			};
			name = Debug;
		};
		EDC2CB8429E6254200A2392C /* Release */ = {
			isa = XCBuildConfiguration;
			buildSettings = {
				ALWAYS_EMBED_SWIFT_STANDARD_LIBRARIES = YES;
				BUNDLE_LOADER = "$(TEST_HOST)";
				CODE_SIGN_STYLE = Automatic;
				CURRENT_PROJECT_VERSION = 1;
				DEVELOPMENT_TEAM = G387Y8424R;
				GENERATE_INFOPLIST_FILE = YES;
				IPHONEOS_DEPLOYMENT_TARGET = 16.4;
				MARKETING_VERSION = 1.0;
				PRODUCT_BUNDLE_IDENTIFIER = com.plotpoint.MovieDBSwiftUITests;
				PRODUCT_NAME = "$(TARGET_NAME)";
				SWIFT_EMIT_LOC_STRINGS = NO;
				SWIFT_VERSION = 5.0;
				TARGETED_DEVICE_FAMILY = "1,2";
				TEST_HOST = "$(BUILT_PRODUCTS_DIR)/MovieDBSwiftUI.app/$(BUNDLE_EXECUTABLE_FOLDER_PATH)/MovieDBSwiftUI";
			};
			name = Release;
		};
		EDC2CB8629E6254200A2392C /* Debug */ = {
			isa = XCBuildConfiguration;
			buildSettings = {
				ALWAYS_EMBED_SWIFT_STANDARD_LIBRARIES = YES;
				CODE_SIGN_STYLE = Automatic;
				CURRENT_PROJECT_VERSION = 1;
				DEVELOPMENT_TEAM = G387Y8424R;
				GENERATE_INFOPLIST_FILE = YES;
				MARKETING_VERSION = 1.0;
				PRODUCT_BUNDLE_IDENTIFIER = com.plotpoint.MovieDBSwiftUIUITests;
				PRODUCT_NAME = "$(TARGET_NAME)";
				SWIFT_EMIT_LOC_STRINGS = NO;
				SWIFT_VERSION = 5.0;
				TARGETED_DEVICE_FAMILY = "1,2";
				TEST_TARGET_NAME = MovieDBSwiftUI;
			};
			name = Debug;
		};
		EDC2CB8729E6254200A2392C /* Release */ = {
			isa = XCBuildConfiguration;
			buildSettings = {
				ALWAYS_EMBED_SWIFT_STANDARD_LIBRARIES = YES;
				CODE_SIGN_STYLE = Automatic;
				CURRENT_PROJECT_VERSION = 1;
				DEVELOPMENT_TEAM = G387Y8424R;
				GENERATE_INFOPLIST_FILE = YES;
				MARKETING_VERSION = 1.0;
				PRODUCT_BUNDLE_IDENTIFIER = com.plotpoint.MovieDBSwiftUIUITests;
				PRODUCT_NAME = "$(TARGET_NAME)";
				SWIFT_EMIT_LOC_STRINGS = NO;
				SWIFT_VERSION = 5.0;
				TARGETED_DEVICE_FAMILY = "1,2";
				TEST_TARGET_NAME = MovieDBSwiftUI;
			};
			name = Release;
		};
/* End XCBuildConfiguration section */

/* Begin XCConfigurationList section */
		EDC2CB5629E6254000A2392C /* Build configuration list for PBXProject "MovieDBSwiftUI" */ = {
			isa = XCConfigurationList;
			buildConfigurations = (
				EDC2CB7D29E6254200A2392C /* Debug */,
				EDC2CB7E29E6254200A2392C /* Release */,
			);
			defaultConfigurationIsVisible = 0;
			defaultConfigurationName = Release;
		};
		EDC2CB7F29E6254200A2392C /* Build configuration list for PBXNativeTarget "MovieDBSwiftUI" */ = {
			isa = XCConfigurationList;
			buildConfigurations = (
				EDC2CB8029E6254200A2392C /* Debug */,
				EDC2CB8129E6254200A2392C /* Release */,
			);
			defaultConfigurationIsVisible = 0;
			defaultConfigurationName = Release;
		};
		EDC2CB8229E6254200A2392C /* Build configuration list for PBXNativeTarget "MovieDBSwiftUITests" */ = {
			isa = XCConfigurationList;
			buildConfigurations = (
				EDC2CB8329E6254200A2392C /* Debug */,
				EDC2CB8429E6254200A2392C /* Release */,
			);
			defaultConfigurationIsVisible = 0;
			defaultConfigurationName = Release;
		};
		EDC2CB8529E6254200A2392C /* Build configuration list for PBXNativeTarget "MovieDBSwiftUIUITests" */ = {
			isa = XCConfigurationList;
			buildConfigurations = (
				EDC2CB8629E6254200A2392C /* Debug */,
				EDC2CB8729E6254200A2392C /* Release */,
			);
			defaultConfigurationIsVisible = 0;
			defaultConfigurationName = Release;
		};
/* End XCConfigurationList section */
	};
	rootObject = EDC2CB5329E6254000A2392C /* Project object */;
}
